
Microsoft Visual Studio Solution File, Format Version 12.00
# Visual Studio 14
VisualStudioVersion = 14.0.25420.1
MinimumVisualStudioVersion = 10.0.40219.1
Project("{FAE04EC0-301F-11D3-BF4B-00C04F79EFBC}") = "CarpoolService", "CarpoolService\CarpoolService.csproj", "{09EE0E64-35B8-4D65-92AB-F815716360B0}"
EndProject
Project("{FAE04EC0-301F-11D3-BF4B-00C04F79EFBC}") = "Carpool", "Carpool\Carpool.csproj", "{4CE3AEFD-9B2A-46BA-9A49-869529797E06}"
EndProject
Project("{FAE04EC0-301F-11D3-BF4B-00C04F79EFBC}") = "CarpoolDAO", "CarpoolDAO\CarpoolDAO.csproj", "{D91AFF77-E689-41A1-B637-8588D3D64A71}"
EndProject
Project("{FAE04EC0-301F-11D3-BF4B-00C04F79EFBC}") = "Carpoolmodels", "Carpoolmodels\Carpoolmodels.csproj", "{4ACF1AA9-8F92-4EFF-B9AD-80D02145948D}"
EndProject
Project("{00D1A9C2-B5F0-4AF3-8072-F6C62B433612}") = "CarpoolDB", "CarpoolDB\CarpoolDB.sqlproj", "{34790CCE-4F00-4C32-81BA-4A78492582D9}"
EndProject
Project("{FAE04EC0-301F-11D3-BF4B-00C04F79EFBC}") = "TestCarpool", "TestCarpool\TestCarpool.csproj", "{A9CF2F1E-62EB-4242-A102-263AF3B6BB20}"
EndProject
Project("{FAE04EC0-301F-11D3-BF4B-00C04F79EFBC}") = "CarpoolMVC", "CarpoolMVC\CarpoolMVC.csproj", "{E952536C-E50C-427F-901E-1313376A1F7F}"
EndProject
Global
	GlobalSection(SolutionConfigurationPlatforms) = preSolution
		Debug|Any CPU = Debug|Any CPU
		Release|Any CPU = Release|Any CPU
	EndGlobalSection
	GlobalSection(ProjectConfigurationPlatforms) = postSolution
		{09EE0E64-35B8-4D65-92AB-F815716360B0}.Debug|Any CPU.ActiveCfg = Debug|Any CPU
		{09EE0E64-35B8-4D65-92AB-F815716360B0}.Debug|Any CPU.Build.0 = Debug|Any CPU
		{09EE0E64-35B8-4D65-92AB-F815716360B0}.Release|Any CPU.ActiveCfg = Release|Any CPU
		{09EE0E64-35B8-4D65-92AB-F815716360B0}.Release|Any CPU.Build.0 = Release|Any CPU
		{4CE3AEFD-9B2A-46BA-9A49-869529797E06}.Debug|Any CPU.ActiveCfg = Debug|Any CPU
		{4CE3AEFD-9B2A-46BA-9A49-869529797E06}.Debug|Any CPU.Build.0 = Debug|Any CPU
		{4CE3AEFD-9B2A-46BA-9A49-869529797E06}.Release|Any CPU.ActiveCfg = Release|Any CPU
		{4CE3AEFD-9B2A-46BA-9A49-869529797E06}.Release|Any CPU.Build.0 = Release|Any CPU
		{D91AFF77-E689-41A1-B637-8588D3D64A71}.Debug|Any CPU.ActiveCfg = Debug|Any CPU
		{D91AFF77-E689-41A1-B637-8588D3D64A71}.Debug|Any CPU.Build.0 = Debug|Any CPU
		{D91AFF77-E689-41A1-B637-8588D3D64A71}.Release|Any CPU.ActiveCfg = Release|Any CPU
		{D91AFF77-E689-41A1-B637-8588D3D64A71}.Release|Any CPU.Build.0 = Release|Any CPU
		{4ACF1AA9-8F92-4EFF-B9AD-80D02145948D}.Debug|Any CPU.ActiveCfg = Debug|Any CPU
		{4ACF1AA9-8F92-4EFF-B9AD-80D02145948D}.Debug|Any CPU.Build.0 = Debug|Any CPU
		{4ACF1AA9-8F92-4EFF-B9AD-80D02145948D}.Release|Any CPU.ActiveCfg = Release|Any CPU
		{4ACF1AA9-8F92-4EFF-B9AD-80D02145948D}.Release|Any CPU.Build.0 = Release|Any CPU
		{34790CCE-4F00-4C32-81BA-4A78492582D9}.Debug|Any CPU.ActiveCfg = Debug|Any CPU
		{34790CCE-4F00-4C32-81BA-4A78492582D9}.Debug|Any CPU.Build.0 = Debug|Any CPU
		{34790CCE-4F00-4C32-81BA-4A78492582D9}.Debug|Any CPU.Deploy.0 = Debug|Any CPU
		{34790CCE-4F00-4C32-81BA-4A78492582D9}.Release|Any CPU.ActiveCfg = Release|Any CPU
		{34790CCE-4F00-4C32-81BA-4A78492582D9}.Release|Any CPU.Build.0 = Release|Any CPU
		{34790CCE-4F00-4C32-81BA-4A78492582D9}.Release|Any CPU.Deploy.0 = Release|Any CPU
		{A9CF2F1E-62EB-4242-A102-263AF3B6BB20}.Debug|Any CPU.ActiveCfg = Debug|Any CPU
		{A9CF2F1E-62EB-4242-A102-263AF3B6BB20}.Debug|Any CPU.Build.0 = Debug|Any CPU
		{A9CF2F1E-62EB-4242-A102-263AF3B6BB20}.Release|Any CPU.ActiveCfg = Release|Any CPU
		{A9CF2F1E-62EB-4242-A102-263AF3B6BB20}.Release|Any CPU.Build.0 = Release|Any CPU
		{E952536C-E50C-427F-901E-1313376A1F7F}.Debug|Any CPU.ActiveCfg = Debug|Any CPU
		{E952536C-E50C-427F-901E-1313376A1F7F}.Debug|Any CPU.Build.0 = Debug|Any CPU
		{E952536C-E50C-427F-901E-1313376A1F7F}.Release|Any CPU.ActiveCfg = Release|Any CPU
		{E952536C-E50C-427F-901E-1313376A1F7F}.Release|Any CPU.Build.0 = Release|Any CPU
	EndGlobalSection
	GlobalSection(SolutionProperties) = preSolution
		HideSolutionNode = FALSE
	EndGlobalSection
EndGlobal
